
Microsoft Visual Studio Solution File, Format Version 12.00
# Visual Studio Version 17
VisualStudioVersion = 17.14.36301.6 d17.14
MinimumVisualStudioVersion = 10.0.40219.1
Project("{FAE04EC0-301F-11D3-BF4B-00C04F79EFBC}") = "AppCurriculoGrupo", "AppCurriculoGrupo.csproj", "{A1C29210-59C6-45FA-BC51-C8CC711D0F52}"
EndProject
Global
	GlobalSection(SolutionConfigurationPlatforms) = preSolution
		Debug|Any CPU = Debug|Any CPU
		Release|Any CPU = Release|Any CPU
	EndGlobalSection
	GlobalSection(ProjectConfigurationPlatforms) = postSolution
		{A1C29210-59C6-45FA-BC51-C8CC711D0F52}.Debug|Any CPU.ActiveCfg = Debug|Any CPU
		{A1C29210-59C6-45FA-BC51-C8CC711D0F52}.Debug|Any CPU.Build.0 = Debug|Any CPU
		{A1C29210-59C6-45FA-BC51-C8CC711D0F52}.Release|Any CPU.ActiveCfg = Release|Any CPU
		{A1C29210-59C6-45FA-BC51-C8CC711D0F52}.Release|Any CPU.Build.0 = Release|Any CPU
	EndGlobalSection
	GlobalSection(SolutionProperties) = preSolution
		HideSolutionNode = FALSE
	EndGlobalSection
	GlobalSection(ExtensibilityGlobals) = postSolution
		SolutionGuid = {E31B1D72-F855-4AFB-843B-E29D754B4247}
	EndGlobalSection
EndGlobal
